name: update-flake-lock

on:
  workflow_dispatch: # allows manual triggering
  schedule:
    - cron: '0 0 * * 0' # runs weekly on Sunday at 00:00

jobs:
  lockfile:
    runs-on: ubuntu-latest
    steps:
      - name: Checkout repository
        uses: actions/checkout@v3

      - name: Install Nix
        uses: DeterminateSystems/nix-installer-action@v4
        with:
          github-token: ${{ secrets.GITHUB_TOKEN }}

      - uses: DeterminateSystems/magic-nix-cache-action@v2

      - uses: cachix/cachix-action@v12
        with:
           name: foliage
           authToken: '${{ secrets.CACHIX_AUTH_TOKEN }}'

      - name: Update flake.lock
        uses: DeterminateSystems/update-flake-lock@v16
        with:
          pr-title: "Update flake.lock" # Title of PR to be created
          pr-labels: |                  # Labels to be set on the PR
            dependencies
            automated

      - name: Print PR number
        run: echo Opened pull request ${{ steps.update.outputs.pull-request-number }}.
