name: update-flake-lock

on:
  workflow_dispatch: # allows manual triggering
  schedule:
    - cron: "0 0 * * 0" # runs weekly on Sunday at 00:00

jobs:
  lockfile:
    runs-on: ubuntu-latest
    steps:
      - uses: actions/checkout@v4
      - uses: ./.github/actions/nix-setup

      - uses: DeterminateSystems/update-flake-lock@v20
        with:
          # Title of PR to be created
          pr-title: "Update flake.lock"
          # Labels to be set on the PR
          pr-labels: |
            dependencies
            automated

      - run: echo Opened pull request ${{ steps.update.outputs.pull-request-number }}.
